// !$*UTF8*$!
{
	archiveVersion = 1;
	classes = {
	};
	objectVersion = 56;
	objects = {

/* Begin PBXBuildFile section */
		4677972C293C6CDA00734DE5 /* FlexExampleApp.swift in Sources */ = {isa = PBXBuildFile; fileRef = 4677972B293C6CDA00734DE5 /* FlexExampleApp.swift */; };
		4677972E293C6CDA00734DE5 /* ContentView.swift in Sources */ = {isa = PBXBuildFile; fileRef = 4677972D293C6CDA00734DE5 /* ContentView.swift */; };
		46779730293C6CDC00734DE5 /* Assets.xcassets in Resources */ = {isa = PBXBuildFile; fileRef = 4677972F293C6CDC00734DE5 /* Assets.xcassets */; };
		46779734293C6CDC00734DE5 /* Preview Assets.xcassets in Resources */ = {isa = PBXBuildFile; fileRef = 46779733293C6CDC00734DE5 /* Preview Assets.xcassets */; };
		4677973E293C6CDC00734DE5 /* FlexExampleTests.swift in Sources */ = {isa = PBXBuildFile; fileRef = 4677973D293C6CDC00734DE5 /* FlexExampleTests.swift */; };
		46779748293C6CDC00734DE5 /* FlexExampleUITests.swift in Sources */ = {isa = PBXBuildFile; fileRef = 46779747293C6CDC00734DE5 /* FlexExampleUITests.swift */; };
		4677974A293C6CDC00734DE5 /* FlexExampleUITestsLaunchTests.swift in Sources */ = {isa = PBXBuildFile; fileRef = 46779749293C6CDC00734DE5 /* FlexExampleUITestsLaunchTests.swift */; };
/* End PBXBuildFile section */

/* Begin PBXContainerItemProxy section */
		4677973A293C6CDC00734DE5 /* PBXContainerItemProxy */ = {
			isa = PBXContainerItemProxy;
			containerPortal = 46779720293C6CDA00734DE5 /* Project object */;
			proxyType = 1;
			remoteGlobalIDString = 46779727293C6CDA00734DE5;
			remoteInfo = FlexExample;
		};
		46779744293C6CDC00734DE5 /* PBXContainerItemProxy */ = {
			isa = PBXContainerItemProxy;
			containerPortal = 46779720293C6CDA00734DE5 /* Project object */;
			proxyType = 1;
			remoteGlobalIDString = 46779727293C6CDA00734DE5;
			remoteInfo = FlexExample;
		};
/* End PBXContainerItemProxy section */

/* Begin PBXFileReference section */
		46779728293C6CDA00734DE5 /* FlexExample.app */ = {isa = PBXFileReference; explicitFileType = wrapper.application; includeInIndex = 0; path = FlexExample.app; sourceTree = BUILT_PRODUCTS_DIR; };
		4677972B293C6CDA00734DE5 /* FlexExampleApp.swift */ = {isa = PBXFileReference; lastKnownFileType = sourcecode.swift; path = FlexExampleApp.swift; sourceTree = "<group>"; };
		4677972D293C6CDA00734DE5 /* ContentView.swift */ = {isa = PBXFileReference; lastKnownFileType = sourcecode.swift; path = ContentView.swift; sourceTree = "<group>"; };
		4677972F293C6CDC00734DE5 /* Assets.xcassets */ = {isa = PBXFileReference; lastKnownFileType = folder.assetcatalog; path = Assets.xcassets; sourceTree = "<group>"; };
		46779731293C6CDC00734DE5 /* FlexExample.entitlements */ = {isa = PBXFileReference; lastKnownFileType = text.plist.entitlements; path = FlexExample.entitlements; sourceTree = "<group>"; };
		46779733293C6CDC00734DE5 /* Preview Assets.xcassets */ = {isa = PBXFileReference; lastKnownFileType = folder.assetcatalog; path = "Preview Assets.xcassets"; sourceTree = "<group>"; };
		46779739293C6CDC00734DE5 /* FlexExampleTests.xctest */ = {isa = PBXFileReference; explicitFileType = wrapper.cfbundle; includeInIndex = 0; path = FlexExampleTests.xctest; sourceTree = BUILT_PRODUCTS_DIR; };
		4677973D293C6CDC00734DE5 /* FlexExampleTests.swift */ = {isa = PBXFileReference; lastKnownFileType = sourcecode.swift; path = FlexExampleTests.swift; sourceTree = "<group>"; };
		46779743293C6CDC00734DE5 /* FlexExampleUITests.xctest */ = {isa = PBXFileReference; explicitFileType = wrapper.cfbundle; includeInIndex = 0; path = FlexExampleUITests.xctest; sourceTree = BUILT_PRODUCTS_DIR; };
		46779747293C6CDC00734DE5 /* FlexExampleUITests.swift */ = {isa = PBXFileReference; lastKnownFileType = sourcecode.swift; path = FlexExampleUITests.swift; sourceTree = "<group>"; };
		46779749293C6CDC00734DE5 /* FlexExampleUITestsLaunchTests.swift */ = {isa = PBXFileReference; lastKnownFileType = sourcecode.swift; path = FlexExampleUITestsLaunchTests.swift; sourceTree = "<group>"; };
/* End PBXFileReference section */

/* Begin PBXFrameworksBuildPhase section */
		46779725293C6CDA00734DE5 /* Frameworks */ = {
			isa = PBXFrameworksBuildPhase;
			buildActionMask = 2147483647;
			files = (
			);
			runOnlyForDeploymentPostprocessing = 0;
		};
		46779736293C6CDC00734DE5 /* Frameworks */ = {
			isa = PBXFrameworksBuildPhase;
			buildActionMask = 2147483647;
			files = (
			);
			runOnlyForDeploymentPostprocessing = 0;
		};
		46779740293C6CDC00734DE5 /* Frameworks */ = {
			isa = PBXFrameworksBuildPhase;
			buildActionMask = 2147483647;
			files = (
			);
			runOnlyForDeploymentPostprocessing = 0;
		};
/* End PBXFrameworksBuildPhase section */

/* Begin PBXGroup section */
		4677971F293C6CDA00734DE5 = {
			isa = PBXGroup;
			children = (
				4677972A293C6CDA00734DE5 /* FlexExample */,
				4677973C293C6CDC00734DE5 /* FlexExampleTests */,
				46779746293C6CDC00734DE5 /* FlexExampleUITests */,
				46779729293C6CDA00734DE5 /* Products */,
			);
			sourceTree = "<group>";
		};
		46779729293C6CDA00734DE5 /* Products */ = {
			isa = PBXGroup;
			children = (
				46779728293C6CDA00734DE5 /* FlexExample.app */,
				46779739293C6CDC00734DE5 /* FlexExampleTests.xctest */,
				46779743293C6CDC00734DE5 /* FlexExampleUITests.xctest */,
			);
			name = Products;
			sourceTree = "<group>";
		};
		4677972A293C6CDA00734DE5 /* FlexExample */ = {
			isa = PBXGroup;
			children = (
				4677972B293C6CDA00734DE5 /* FlexExampleApp.swift */,
				4677972D293C6CDA00734DE5 /* ContentView.swift */,
				4677972F293C6CDC00734DE5 /* Assets.xcassets */,
				46779731293C6CDC00734DE5 /* FlexExample.entitlements */,
				46779732293C6CDC00734DE5 /* Preview Content */,
			);
			path = FlexExample;
			sourceTree = "<group>";
		};
		46779732293C6CDC00734DE5 /* Preview Content */ = {
			isa = PBXGroup;
			children = (
				46779733293C6CDC00734DE5 /* Preview Assets.xcassets */,
			);
			path = "Preview Content";
			sourceTree = "<group>";
		};
		4677973C293C6CDC00734DE5 /* FlexExampleTests */ = {
			isa = PBXGroup;
			children = (
				4677973D293C6CDC00734DE5 /* FlexExampleTests.swift */,
			);
			path = FlexExampleTests;
			sourceTree = "<group>";
		};
		46779746293C6CDC00734DE5 /* FlexExampleUITests */ = {
			isa = PBXGroup;
			children = (
				46779747293C6CDC00734DE5 /* FlexExampleUITests.swift */,
				46779749293C6CDC00734DE5 /* FlexExampleUITestsLaunchTests.swift */,
			);
			path = FlexExampleUITests;
			sourceTree = "<group>";
		};
/* End PBXGroup section */

/* Begin PBXNativeTarget section */
		46779727293C6CDA00734DE5 /* FlexExample */ = {
			isa = PBXNativeTarget;
			buildConfigurationList = 4677974D293C6CDC00734DE5 /* Build configuration list for PBXNativeTarget "FlexExample" */;
			buildPhases = (
				46779724293C6CDA00734DE5 /* Sources */,
				46779725293C6CDA00734DE5 /* Frameworks */,
				46779726293C6CDA00734DE5 /* Resources */,
			);
			buildRules = (
			);
			dependencies = (
			);
			name = FlexExample;
			productName = FlexExample;
			productReference = 46779728293C6CDA00734DE5 /* FlexExample.app */;
			productType = "com.apple.product-type.application";
		};
		46779738293C6CDC00734DE5 /* FlexExampleTests */ = {
			isa = PBXNativeTarget;
			buildConfigurationList = 46779750293C6CDC00734DE5 /* Build configuration list for PBXNativeTarget "FlexExampleTests" */;
			buildPhases = (
				46779735293C6CDC00734DE5 /* Sources */,
				46779736293C6CDC00734DE5 /* Frameworks */,
				46779737293C6CDC00734DE5 /* Resources */,
			);
			buildRules = (
			);
			dependencies = (
				4677973B293C6CDC00734DE5 /* PBXTargetDependency */,
			);
			name = FlexExampleTests;
			productName = FlexExampleTests;
			productReference = 46779739293C6CDC00734DE5 /* FlexExampleTests.xctest */;
			productType = "com.apple.product-type.bundle.unit-test";
		};
		46779742293C6CDC00734DE5 /* FlexExampleUITests */ = {
			isa = PBXNativeTarget;
			buildConfigurationList = 46779753293C6CDC00734DE5 /* Build configuration list for PBXNativeTarget "FlexExampleUITests" */;
			buildPhases = (
				4677973F293C6CDC00734DE5 /* Sources */,
				46779740293C6CDC00734DE5 /* Frameworks */,
				46779741293C6CDC00734DE5 /* Resources */,
			);
			buildRules = (
			);
			dependencies = (
				46779745293C6CDC00734DE5 /* PBXTargetDependency */,
			);
			name = FlexExampleUITests;
			productName = FlexExampleUITests;
			productReference = 46779743293C6CDC00734DE5 /* FlexExampleUITests.xctest */;
			productType = "com.apple.product-type.bundle.ui-testing";
		};
/* End PBXNativeTarget section */

/* Begin PBXProject section */
		46779720293C6CDA00734DE5 /* Project object */ = {
			isa = PBXProject;
			attributes = {
				BuildIndependentTargetsInParallel = 1;
				LastSwiftUpdateCheck = 1410;
				LastUpgradeCheck = 1410;
				TargetAttributes = {
					46779727293C6CDA00734DE5 = {
						CreatedOnToolsVersion = 14.1;
					};
					46779738293C6CDC00734DE5 = {
						CreatedOnToolsVersion = 14.1;
						TestTargetID = 46779727293C6CDA00734DE5;
					};
					46779742293C6CDC00734DE5 = {
						CreatedOnToolsVersion = 14.1;
						TestTargetID = 46779727293C6CDA00734DE5;
					};
				};
			};
			buildConfigurationList = 46779723293C6CDA00734DE5 /* Build configuration list for PBXProject "FlexExample" */;
			compatibilityVersion = "Xcode 14.0";
			developmentRegion = en;
			hasScannedForEncodings = 0;
			knownRegions = (
				en,
				Base,
			);
			mainGroup = 4677971F293C6CDA00734DE5;
			productRefGroup = 46779729293C6CDA00734DE5 /* Products */;
			projectDirPath = "";
			projectRoot = "";
			targets = (
				46779727293C6CDA00734DE5 /* FlexExample */,
				46779738293C6CDC00734DE5 /* FlexExampleTests */,
				46779742293C6CDC00734DE5 /* FlexExampleUITests */,
			);
		};
/* End PBXProject section */

/* Begin PBXResourcesBuildPhase section */
		46779726293C6CDA00734DE5 /* Resources */ = {
			isa = PBXResourcesBuildPhase;
			buildActionMask = 2147483647;
			files = (
				46779734293C6CDC00734DE5 /* Preview Assets.xcassets in Resources */,
				46779730293C6CDC00734DE5 /* Assets.xcassets in Resources */,
			);
			runOnlyForDeploymentPostprocessing = 0;
		};
		46779737293C6CDC00734DE5 /* Resources */ = {
			isa = PBXResourcesBuildPhase;
			buildActionMask = 2147483647;
			files = (
			);
			runOnlyForDeploymentPostprocessing = 0;
		};
		46779741293C6CDC00734DE5 /* Resources */ = {
			isa = PBXResourcesBuildPhase;
			buildActionMask = 2147483647;
			files = (
			);
			runOnlyForDeploymentPostprocessing = 0;
		};
/* End PBXResourcesBuildPhase section */

/* Begin PBXSourcesBuildPhase section */
		46779724293C6CDA00734DE5 /* Sources */ = {
			isa = PBXSourcesBuildPhase;
			buildActionMask = 2147483647;
			files = (
				4677972E293C6CDA00734DE5 /* ContentView.swift in Sources */,
				4677972C293C6CDA00734DE5 /* FlexExampleApp.swift in Sources */,
			);
			runOnlyForDeploymentPostprocessing = 0;
		};
		46779735293C6CDC00734DE5 /* Sources */ = {
			isa = PBXSourcesBuildPhase;
			buildActionMask = 2147483647;
			files = (
				4677973E293C6CDC00734DE5 /* FlexExampleTests.swift in Sources */,
			);
			runOnlyForDeploymentPostprocessing = 0;
		};
		4677973F293C6CDC00734DE5 /* Sources */ = {
			isa = PBXSourcesBuildPhase;
			buildActionMask = 2147483647;
			files = (
				4677974A293C6CDC00734DE5 /* FlexExampleUITestsLaunchTests.swift in Sources */,
				46779748293C6CDC00734DE5 /* FlexExampleUITests.swift in Sources */,
			);
			runOnlyForDeploymentPostprocessing = 0;
		};
/* End PBXSourcesBuildPhase section */

/* Begin PBXTargetDependency section */
		4677973B293C6CDC00734DE5 /* PBXTargetDependency */ = {
			isa = PBXTargetDependency;
			target = 46779727293C6CDA00734DE5 /* FlexExample */;
			targetProxy = 4677973A293C6CDC00734DE5 /* PBXContainerItemProxy */;
		};
		46779745293C6CDC00734DE5 /* PBXTargetDependency */ = {
			isa = PBXTargetDependency;
			target = 46779727293C6CDA00734DE5 /* FlexExample */;
			targetProxy = 46779744293C6CDC00734DE5 /* PBXContainerItemProxy */;
		};
/* End PBXTargetDependency section */

/* Begin XCBuildConfiguration section */
		4677974B293C6CDC00734DE5 /* Debug */ = {
			isa = XCBuildConfiguration;
			buildSettings = {
				ALWAYS_SEARCH_USER_PATHS = NO;
				CLANG_ANALYZER_NONNULL = YES;
				CLANG_ANALYZER_NUMBER_OBJECT_CONVERSION = YES_AGGRESSIVE;
				CLANG_CXX_LANGUAGE_STANDARD = "gnu++20";
				CLANG_ENABLE_MODULES = YES;
				CLANG_ENABLE_OBJC_ARC = YES;
				CLANG_ENABLE_OBJC_WEAK = YES;
				CLANG_WARN_BLOCK_CAPTURE_AUTORELEASING = YES;
				CLANG_WARN_BOOL_CONVERSION = YES;
				CLANG_WARN_COMMA = YES;
				CLANG_WARN_CONSTANT_CONVERSION = YES;
				CLANG_WARN_DEPRECATED_OBJC_IMPLEMENTATIONS = YES;
				CLANG_WARN_DIRECT_OBJC_ISA_USAGE = YES_ERROR;
				CLANG_WARN_DOCUMENTATION_COMMENTS = YES;
				CLANG_WARN_EMPTY_BODY = YES;
				CLANG_WARN_ENUM_CONVERSION = YES;
				CLANG_WARN_INFINITE_RECURSION = YES;
				CLANG_WARN_INT_CONVERSION = YES;
				CLANG_WARN_NON_LITERAL_NULL_CONVERSION = YES;
				CLANG_WARN_OBJC_IMPLICIT_RETAIN_SELF = YES;
				CLANG_WARN_OBJC_LITERAL_CONVERSION = YES;
				CLANG_WARN_OBJC_ROOT_CLASS = YES_ERROR;
				CLANG_WARN_QUOTED_INCLUDE_IN_FRAMEWORK_HEADER = YES;
				CLANG_WARN_RANGE_LOOP_ANALYSIS = YES;
				CLANG_WARN_STRICT_PROTOTYPES = YES;
				CLANG_WARN_SUSPICIOUS_MOVE = YES;
				CLANG_WARN_UNGUARDED_AVAILABILITY = YES_AGGRESSIVE;
				CLANG_WARN_UNREACHABLE_CODE = YES;
				CLANG_WARN__DUPLICATE_METHOD_MATCH = YES;
				COPY_PHASE_STRIP = NO;
				DEBUG_INFORMATION_FORMAT = dwarf;
				ENABLE_STRICT_OBJC_MSGSEND = YES;
				ENABLE_TESTABILITY = YES;
				GCC_C_LANGUAGE_STANDARD = gnu11;
				GCC_DYNAMIC_NO_PIC = NO;
				GCC_NO_COMMON_BLOCKS = YES;
				GCC_OPTIMIZATION_LEVEL = 0;
				GCC_PREPROCESSOR_DEFINITIONS = (
					"DEBUG=1",
					"$(inherited)",
				);
				GCC_WARN_64_TO_32_BIT_CONVERSION = YES;
				GCC_WARN_ABOUT_RETURN_TYPE = YES_ERROR;
				GCC_WARN_UNDECLARED_SELECTOR = YES;
				GCC_WARN_UNINITIALIZED_AUTOS = YES_AGGRESSIVE;
				GCC_WARN_UNUSED_FUNCTION = YES;
				GCC_WARN_UNUSED_VARIABLE = YES;
				MTL_ENABLE_DEBUG_INFO = INCLUDE_SOURCE;
				MTL_FAST_MATH = YES;
				ONLY_ACTIVE_ARCH = YES;
				SWIFT_ACTIVE_COMPILATION_CONDITIONS = DEBUG;
				SWIFT_OPTIMIZATION_LEVEL = "-Onone";
			};
			name = Debug;
		};
		4677974C293C6CDC00734DE5 /* Release */ = {
			isa = XCBuildConfiguration;
			buildSettings = {
				ALWAYS_SEARCH_USER_PATHS = NO;
				CLANG_ANALYZER_NONNULL = YES;
				CLANG_ANALYZER_NUMBER_OBJECT_CONVERSION = YES_AGGRESSIVE;
				CLANG_CXX_LANGUAGE_STANDARD = "gnu++20";
				CLANG_ENABLE_MODULES = YES;
				CLANG_ENABLE_OBJC_ARC = YES;
				CLANG_ENABLE_OBJC_WEAK = YES;
				CLANG_WARN_BLOCK_CAPTURE_AUTORELEASING = YES;
				CLANG_WARN_BOOL_CONVERSION = YES;
				CLANG_WARN_COMMA = YES;
				CLANG_WARN_CONSTANT_CONVERSION = YES;
				CLANG_WARN_DEPRECATED_OBJC_IMPLEMENTATIONS = YES;
				CLANG_WARN_DIRECT_OBJC_ISA_USAGE = YES_ERROR;
				CLANG_WARN_DOCUMENTATION_COMMENTS = YES;
				CLANG_WARN_EMPTY_BODY = YES;
				CLANG_WARN_ENUM_CONVERSION = YES;
				CLANG_WARN_INFINITE_RECURSION = YES;
				CLANG_WARN_INT_CONVERSION = YES;
				CLANG_WARN_NON_LITERAL_NULL_CONVERSION = YES;
				CLANG_WARN_OBJC_IMPLICIT_RETAIN_SELF = YES;
				CLANG_WARN_OBJC_LITERAL_CONVERSION = YES;
				CLANG_WARN_OBJC_ROOT_CLASS = YES_ERROR;
				CLANG_WARN_QUOTED_INCLUDE_IN_FRAMEWORK_HEADER = YES;
				CLANG_WARN_RANGE_LOOP_ANALYSIS = YES;
				CLANG_WARN_STRICT_PROTOTYPES = YES;
				CLANG_WARN_SUSPICIOUS_MOVE = YES;
				CLANG_WARN_UNGUARDED_AVAILABILITY = YES_AGGRESSIVE;
				CLANG_WARN_UNREACHABLE_CODE = YES;
				CLANG_WARN__DUPLICATE_METHOD_MATCH = YES;
				COPY_PHASE_STRIP = NO;
				DEBUG_INFORMATION_FORMAT = "dwarf-with-dsym";
				ENABLE_NS_ASSERTIONS = NO;
				ENABLE_STRICT_OBJC_MSGSEND = YES;
				GCC_C_LANGUAGE_STANDARD = gnu11;
				GCC_NO_COMMON_BLOCKS = YES;
				GCC_WARN_64_TO_32_BIT_CONVERSION = YES;
				GCC_WARN_ABOUT_RETURN_TYPE = YES_ERROR;
				GCC_WARN_UNDECLARED_SELECTOR = YES;
				GCC_WARN_UNINITIALIZED_AUTOS = YES_AGGRESSIVE;
				GCC_WARN_UNUSED_FUNCTION = YES;
				GCC_WARN_UNUSED_VARIABLE = YES;
				MTL_ENABLE_DEBUG_INFO = NO;
				MTL_FAST_MATH = YES;
				SWIFT_COMPILATION_MODE = wholemodule;
				SWIFT_OPTIMIZATION_LEVEL = "-O";
			};
			name = Release;
		};
		4677974E293C6CDC00734DE5 /* Debug */ = {
			isa = XCBuildConfiguration;
			buildSettings = {
				ASSETCATALOG_COMPILER_APPICON_NAME = AppIcon;
				ASSETCATALOG_COMPILER_GLOBAL_ACCENT_COLOR_NAME = AccentColor;
				CODE_SIGN_ENTITLEMENTS = FlexExample/FlexExample.entitlements;
				CODE_SIGN_STYLE = Automatic;
				CURRENT_PROJECT_VERSION = 1;
				DEVELOPMENT_ASSET_PATHS = "\"FlexExample/Preview Content\"";
				DEVELOPMENT_TEAM = SY6HRKUSSY;
				ENABLE_HARDENED_RUNTIME = YES;
				ENABLE_PREVIEWS = YES;
				GENERATE_INFOPLIST_FILE = YES;
				"INFOPLIST_KEY_UIApplicationSceneManifest_Generation[sdk=iphoneos*]" = YES;
				"INFOPLIST_KEY_UIApplicationSceneManifest_Generation[sdk=iphonesimulator*]" = YES;
				"INFOPLIST_KEY_UIApplicationSupportsIndirectInputEvents[sdk=iphoneos*]" = YES;
				"INFOPLIST_KEY_UIApplicationSupportsIndirectInputEvents[sdk=iphonesimulator*]" = YES;
				"INFOPLIST_KEY_UILaunchScreen_Generation[sdk=iphoneos*]" = YES;
				"INFOPLIST_KEY_UILaunchScreen_Generation[sdk=iphonesimulator*]" = YES;
				"INFOPLIST_KEY_UIStatusBarStyle[sdk=iphoneos*]" = UIStatusBarStyleDefault;
				"INFOPLIST_KEY_UIStatusBarStyle[sdk=iphonesimulator*]" = UIStatusBarStyleDefault;
				INFOPLIST_KEY_UISupportedInterfaceOrientations_iPad = "UIInterfaceOrientationPortrait UIInterfaceOrientationPortraitUpsideDown UIInterfaceOrientationLandscapeLeft UIInterfaceOrientationLandscapeRight";
				INFOPLIST_KEY_UISupportedInterfaceOrientations_iPhone = "UIInterfaceOrientationPortrait UIInterfaceOrientationLandscapeLeft UIInterfaceOrientationLandscapeRight";
				IPHONEOS_DEPLOYMENT_TARGET = 16.1;
				LD_RUNPATH_SEARCH_PATHS = "@executable_path/Frameworks";
				"LD_RUNPATH_SEARCH_PATHS[sdk=macosx*]" = "@executable_path/../Frameworks";
				MACOSX_DEPLOYMENT_TARGET = 12.6;
				MARKETING_VERSION = 1.0;
				PRODUCT_BUNDLE_IDENTIFIER = "yanagimoto-toshiki.FlexExample";
				PRODUCT_NAME = "$(TARGET_NAME)";
				SDKROOT = auto;
				SUPPORTED_PLATFORMS = "iphoneos iphonesimulator macosx";
				SWIFT_EMIT_LOC_STRINGS = YES;
				SWIFT_VERSION = 5.0;
				TARGETED_DEVICE_FAMILY = "1,2";
			};
			name = Debug;
		};
		4677974F293C6CDC00734DE5 /* Release */ = {
			isa = XCBuildConfiguration;
			buildSettings = {
				ASSETCATALOG_COMPILER_APPICON_NAME = AppIcon;
				ASSETCATALOG_COMPILER_GLOBAL_ACCENT_COLOR_NAME = AccentColor;
				CODE_SIGN_ENTITLEMENTS = FlexExample/FlexExample.entitlements;
				CODE_SIGN_STYLE = Automatic;
				CURRENT_PROJECT_VERSION = 1;
				DEVELOPMENT_ASSET_PATHS = "\"FlexExample/Preview Content\"";
				DEVELOPMENT_TEAM = SY6HRKUSSY;
				ENABLE_HARDENED_RUNTIME = YES;
				ENABLE_PREVIEWS = YES;
				GENERATE_INFOPLIST_FILE = YES;
				"INFOPLIST_KEY_UIApplicationSceneManifest_Generation[sdk=iphoneos*]" = YES;
				"INFOPLIST_KEY_UIApplicationSceneManifest_Generation[sdk=iphonesimulator*]" = YES;
				"INFOPLIST_KEY_UIApplicationSupportsIndirectInputEvents[sdk=iphoneos*]" = YES;
				"INFOPLIST_KEY_UIApplicationSupportsIndirectInputEvents[sdk=iphonesimulator*]" = YES;
				"INFOPLIST_KEY_UILaunchScreen_Generation[sdk=iphoneos*]" = YES;
				"INFOPLIST_KEY_UILaunchScreen_Generation[sdk=iphonesimulator*]" = YES;
				"INFOPLIST_KEY_UIStatusBarStyle[sdk=iphoneos*]" = UIStatusBarStyleDefault;
				"INFOPLIST_KEY_UIStatusBarStyle[sdk=iphonesimulator*]" = UIStatusBarStyleDefault;
				INFOPLIST_KEY_UISupportedInterfaceOrientations_iPad = "UIInterfaceOrientationPortrait UIInterfaceOrientationPortraitUpsideDown UIInterfaceOrientationLandscapeLeft UIInterfaceOrientationLandscapeRight";
				INFOPLIST_KEY_UISupportedInterfaceOrientations_iPhone = "UIInterfaceOrientationPortrait UIInterfaceOrientationLandscapeLeft UIInterfaceOrientationLandscapeRight";
				IPHONEOS_DEPLOYMENT_TARGET = 16.1;
				LD_RUNPATH_SEARCH_PATHS = "@executable_path/Frameworks";
				"LD_RUNPATH_SEARCH_PATHS[sdk=macosx*]" = "@executable_path/../Frameworks";
				MACOSX_DEPLOYMENT_TARGET = 12.6;
				MARKETING_VERSION = 1.0;
				PRODUCT_BUNDLE_IDENTIFIER = "yanagimoto-toshiki.FlexExample";
				PRODUCT_NAME = "$(TARGET_NAME)";
				SDKROOT = auto;
				SUPPORTED_PLATFORMS = "iphoneos iphonesimulator macosx";
				SWIFT_EMIT_LOC_STRINGS = YES;
				SWIFT_VERSION = 5.0;
				TARGETED_DEVICE_FAMILY = "1,2";
			};
			name = Release;
		};
		46779751293C6CDC00734DE5 /* Debug */ = {
			isa = XCBuildConfiguration;
			buildSettings = {
				ALWAYS_EMBED_SWIFT_STANDARD_LIBRARIES = YES;
				BUNDLE_LOADER = "$(TEST_HOST)";
				CODE_SIGN_STYLE = Automatic;
				CURRENT_PROJECT_VERSION = 1;
				DEVELOPMENT_TEAM = SY6HRKUSSY;
				GENERATE_INFOPLIST_FILE = YES;
				IPHONEOS_DEPLOYMENT_TARGET = 16.1;
				MACOSX_DEPLOYMENT_TARGET = 12.6;
				MARKETING_VERSION = 1.0;
				PRODUCT_BUNDLE_IDENTIFIER = "yanagimoto-toshiki.FlexExampleTests";
				PRODUCT_NAME = "$(TARGET_NAME)";
				SDKROOT = auto;
				SUPPORTED_PLATFORMS = "iphoneos iphonesimulator macosx";
				SWIFT_EMIT_LOC_STRINGS = NO;
				SWIFT_VERSION = 5.0;
				TARGETED_DEVICE_FAMILY = "1,2";
				TEST_HOST = "$(BUILT_PRODUCTS_DIR)/FlexExample.app/$(BUNDLE_EXECUTABLE_FOLDER_PATH)/FlexExample";
			};
			name = Debug;
		};
		46779752293C6CDC00734DE5 /* Release */ = {
			isa = XCBuildConfiguration;
			buildSettings = {
				ALWAYS_EMBED_SWIFT_STANDARD_LIBRARIES = YES;
				BUNDLE_LOADER = "$(TEST_HOST)";
				CODE_SIGN_STYLE = Automatic;
				CURRENT_PROJECT_VERSION = 1;
				DEVELOPMENT_TEAM = SY6HRKUSSY;
				GENERATE_INFOPLIST_FILE = YES;
				IPHONEOS_DEPLOYMENT_TARGET = 16.1;
				MACOSX_DEPLOYMENT_TARGET = 12.6;
				MARKETING_VERSION = 1.0;
				PRODUCT_BUNDLE_IDENTIFIER = "yanagimoto-toshiki.FlexExampleTests";
				PRODUCT_NAME = "$(TARGET_NAME)";
				SDKROOT = auto;
				SUPPORTED_PLATFORMS = "iphoneos iphonesimulator macosx";
				SWIFT_EMIT_LOC_STRINGS = NO;
				SWIFT_VERSION = 5.0;
				TARGETED_DEVICE_FAMILY = "1,2";
				TEST_HOST = "$(BUILT_PRODUCTS_DIR)/FlexExample.app/$(BUNDLE_EXECUTABLE_FOLDER_PATH)/FlexExample";
			};
			name = Release;
		};
		46779754293C6CDC00734DE5 /* Debug */ = {
			isa = XCBuildConfiguration;
			buildSettings = {
				ALWAYS_EMBED_SWIFT_STANDARD_LIBRARIES = YES;
				CODE_SIGN_STYLE = Automatic;
				CURRENT_PROJECT_VERSION = 1;
				DEVELOPMENT_TEAM = SY6HRKUSSY;
				GENERATE_INFOPLIST_FILE = YES;
				IPHONEOS_DEPLOYMENT_TARGET = 16.1;
				MACOSX_DEPLOYMENT_TARGET = 12.6;
				MARKETING_VERSION = 1.0;
				PRODUCT_BUNDLE_IDENTIFIER = "yanagimoto-toshiki.FlexExampleUITests";
				PRODUCT_NAME = "$(TARGET_NAME)";
				SDKROOT = auto;
				SUPPORTED_PLATFORMS = "iphoneos iphonesimulator macosx";
				SWIFT_EMIT_LOC_STRINGS = NO;
				SWIFT_VERSION = 5.0;
				TARGETED_DEVICE_FAMILY = "1,2";
				TEST_TARGET_NAME = FlexExample;
			};
			name = Debug;
		};
		46779755293C6CDC00734DE5 /* Release */ = {
			isa = XCBuildConfiguration;
			buildSettings = {
				ALWAYS_EMBED_SWIFT_STANDARD_LIBRARIES = YES;
				CODE_SIGN_STYLE = Automatic;
				CURRENT_PROJECT_VERSION = 1;
				DEVELOPMENT_TEAM = SY6HRKUSSY;
				GENERATE_INFOPLIST_FILE = YES;
				IPHONEOS_DEPLOYMENT_TARGET = 16.1;
				MACOSX_DEPLOYMENT_TARGET = 12.6;
				MARKETING_VERSION = 1.0;
				PRODUCT_BUNDLE_IDENTIFIER = "yanagimoto-toshiki.FlexExampleUITests";
				PRODUCT_NAME = "$(TARGET_NAME)";
				SDKROOT = auto;
				SUPPORTED_PLATFORMS = "iphoneos iphonesimulator macosx";
				SWIFT_EMIT_LOC_STRINGS = NO;
				SWIFT_VERSION = 5.0;
				TARGETED_DEVICE_FAMILY = "1,2";
				TEST_TARGET_NAME = FlexExample;
			};
			name = Release;
		};
/* End XCBuildConfiguration section */

/* Begin XCConfigurationList section */
		46779723293C6CDA00734DE5 /* Build configuration list for PBXProject "FlexExample" */ = {
			isa = XCConfigurationList;
			buildConfigurations = (
				4677974B293C6CDC00734DE5 /* Debug */,
				4677974C293C6CDC00734DE5 /* Release */,
			);
			defaultConfigurationIsVisible = 0;
			defaultConfigurationName = Release;
		};
		4677974D293C6CDC00734DE5 /* Build configuration list for PBXNativeTarget "FlexExample" */ = {
			isa = XCConfigurationList;
			buildConfigurations = (
				4677974E293C6CDC00734DE5 /* Debug */,
				4677974F293C6CDC00734DE5 /* Release */,
			);
			defaultConfigurationIsVisible = 0;
			defaultConfigurationName = Release;
		};
		46779750293C6CDC00734DE5 /* Build configuration list for PBXNativeTarget "FlexExampleTests" */ = {
			isa = XCConfigurationList;
			buildConfigurations = (
				46779751293C6CDC00734DE5 /* Debug */,
				46779752293C6CDC00734DE5 /* Release */,
			);
			defaultConfigurationIsVisible = 0;
			defaultConfigurationName = Release;
		};
		46779753293C6CDC00734DE5 /* Build configuration list for PBXNativeTarget "FlexExampleUITests" */ = {
			isa = XCConfigurationList;
			buildConfigurations = (
				46779754293C6CDC00734DE5 /* Debug */,
				46779755293C6CDC00734DE5 /* Release */,
			);
			defaultConfigurationIsVisible = 0;
			defaultConfigurationName = Release;
		};
/* End XCConfigurationList section */
	};
	rootObject = 46779720293C6CDA00734DE5 /* Project object */;
}
